
Microsoft Visual Studio Solution File, Format Version 12.00
# Visual Studio Version 16
VisualStudioVersion = 16.0.31729.503
MinimumVisualStudioVersion = 10.0.40219.1
Project("{FAE04EC0-301F-11D3-BF4B-00C04F79EFBC}") = "OOP", "OOP.csproj", "{C6BA42B1-06CF-43AB-8E9D-ABA73FC9A7B9}"
EndProject
Global
	GlobalSection(SolutionConfigurationPlatforms) = preSolution
		Debug|Any CPU = Debug|Any CPU
		Release|Any CPU = Release|Any CPU
	EndGlobalSection
	GlobalSection(ProjectConfigurationPlatforms) = postSolution
		{C6BA42B1-06CF-43AB-8E9D-ABA73FC9A7B9}.Debug|Any CPU.ActiveCfg = Debug|Any CPU
		{C6BA42B1-06CF-43AB-8E9D-ABA73FC9A7B9}.Debug|Any CPU.Build.0 = Debug|Any CPU
		{C6BA42B1-06CF-43AB-8E9D-ABA73FC9A7B9}.Release|Any CPU.ActiveCfg = Release|Any CPU
		{C6BA42B1-06CF-43AB-8E9D-ABA73FC9A7B9}.Release|Any CPU.Build.0 = Release|Any CPU
	EndGlobalSection
	GlobalSection(SolutionProperties) = preSolution
		HideSolutionNode = FALSE
	EndGlobalSection
	GlobalSection(ExtensibilityGlobals) = postSolution
		SolutionGuid = {FAAB4419-673E-49A6-9F15-A7CD249CC5DB}
	EndGlobalSection
EndGlobal
